# This file is automatically @generated by Cargo.
# It is not intended for manual editing.
version = 4

[[package]]
name = "use-arg"
version = "0.0.1"

[[package]]
name = "use-cli"
version = "0.0.1"
dependencies = [
 "use-arg",
 "use-command-name",
 "use-env-var",
 "use-exit-code",
 "use-flag",
 "use-option",
 "use-prompt",
 "use-stderr",
 "use-stdin",
 "use-stdout",
 "use-terminal",
]

[[package]]
name = "use-command-name"
version = "0.0.1"

[[package]]
name = "use-env-var"
version = "0.0.1"

[[package]]
name = "use-exit-code"
version = "0.0.1"

[[package]]
name = "use-flag"
version = "0.0.1"

[[package]]
name = "use-option"
version = "0.0.1"

[[package]]
name = "use-prompt"
version = "0.0.1"

[[package]]
name = "use-stderr"
version = "0.0.1"

[[package]]
name = "use-stdin"
version = "0.0.1"

[[package]]
name = "use-stdout"
version = "0.0.1"

[[package]]
name = "use-terminal"
version = "0.0.1"
